// !$*UTF8*$!
{
	archiveVersion = 1;
	classes = {
	};
	objectVersion = 48;
	objects = {

/* Begin PBXBuildFile section */
		601743FF1F7AEFD300FEF14E /* AppDelegate.swift in Sources */ = {isa = PBXBuildFile; fileRef = 601743FE1F7AEFD300FEF14E /* AppDelegate.swift */; };
		601744011F7AEFD300FEF14E /* SearchViewController.swift in Sources */ = {isa = PBXBuildFile; fileRef = 601744001F7AEFD300FEF14E /* SearchViewController.swift */; };
		601744041F7AEFD300FEF14E /* Main.storyboard in Resources */ = {isa = PBXBuildFile; fileRef = 601744021F7AEFD300FEF14E /* Main.storyboard */; };
		601744061F7AEFD300FEF14E /* Assets.xcassets in Resources */ = {isa = PBXBuildFile; fileRef = 601744051F7AEFD300FEF14E /* Assets.xcassets */; };
		601744091F7AEFD300FEF14E /* LaunchScreen.storyboard in Resources */ = {isa = PBXBuildFile; fileRef = 601744071F7AEFD300FEF14E /* LaunchScreen.storyboard */; };
		601744141F7AEFD300FEF14E /* MusicSearchTests.swift in Sources */ = {isa = PBXBuildFile; fileRef = 601744131F7AEFD300FEF14E /* MusicSearchTests.swift */; };
		6017441F1F7AEFD300FEF14E /* MusicSearchUITests.swift in Sources */ = {isa = PBXBuildFile; fileRef = 6017441E1F7AEFD300FEF14E /* MusicSearchUITests.swift */; };
		6017442F1F7AFF3C00FEF14E /* SongTableViewCell.swift in Sources */ = {isa = PBXBuildFile; fileRef = 6017442E1F7AFF3C00FEF14E /* SongTableViewCell.swift */; };
		601744311F7AFFBE00FEF14E /* Songs.swift in Sources */ = {isa = PBXBuildFile; fileRef = 601744301F7AFFBE00FEF14E /* Songs.swift */; };
		601744341F7B0FDF00FEF14E /* SongSearch.swift in Sources */ = {isa = PBXBuildFile; fileRef = 601744331F7B0FDF00FEF14E /* SongSearch.swift */; };
		601744361F7B27BA00FEF14E /* Globals.swift in Sources */ = {isa = PBXBuildFile; fileRef = 601744351F7B27BA00FEF14E /* Globals.swift */; };
		601744381F7B28DF00FEF14E /* Extensions.swift in Sources */ = {isa = PBXBuildFile; fileRef = 601744371F7B28DF00FEF14E /* Extensions.swift */; };
		6017443A1F7B357F00FEF14E /* FindLyrics.swift in Sources */ = {isa = PBXBuildFile; fileRef = 601744391F7B357F00FEF14E /* FindLyrics.swift */; };
		6017443D1F7B635800FEF14E /* LyricsViewController.swift in Sources */ = {isa = PBXBuildFile; fileRef = 6017443C1F7B635800FEF14E /* LyricsViewController.swift */; };
/* End PBXBuildFile section */

/* Begin PBXContainerItemProxy section */
		601744101F7AEFD300FEF14E /* PBXContainerItemProxy */ = {
			isa = PBXContainerItemProxy;
			containerPortal = 601743F31F7AEFD300FEF14E /* Project object */;
			proxyType = 1;
			remoteGlobalIDString = 601743FA1F7AEFD300FEF14E;
			remoteInfo = MusicSearch;
		};
		6017441B1F7AEFD300FEF14E /* PBXContainerItemProxy */ = {
			isa = PBXContainerItemProxy;
			containerPortal = 601743F31F7AEFD300FEF14E /* Project object */;
			proxyType = 1;
			remoteGlobalIDString = 601743FA1F7AEFD300FEF14E;
			remoteInfo = MusicSearch;
		};
/* End PBXContainerItemProxy section */

/* Begin PBXFileReference section */
		601743FB1F7AEFD300FEF14E /* MusicSearch.app */ = {isa = PBXFileReference; explicitFileType = wrapper.application; includeInIndex = 0; path = MusicSearch.app; sourceTree = BUILT_PRODUCTS_DIR; };
		601743FE1F7AEFD300FEF14E /* AppDelegate.swift */ = {isa = PBXFileReference; lastKnownFileType = sourcecode.swift; path = AppDelegate.swift; sourceTree = "<group>"; };
		601744001F7AEFD300FEF14E /* SearchViewController.swift */ = {isa = PBXFileReference; lastKnownFileType = sourcecode.swift; path = SearchViewController.swift; sourceTree = "<group>"; };
		601744031F7AEFD300FEF14E /* Base */ = {isa = PBXFileReference; lastKnownFileType = file.storyboard; name = Base; path = Base.lproj/Main.storyboard; sourceTree = "<group>"; };
		601744051F7AEFD300FEF14E /* Assets.xcassets */ = {isa = PBXFileReference; lastKnownFileType = folder.assetcatalog; path = Assets.xcassets; sourceTree = "<group>"; };
		601744081F7AEFD300FEF14E /* Base */ = {isa = PBXFileReference; lastKnownFileType = file.storyboard; name = Base; path = Base.lproj/LaunchScreen.storyboard; sourceTree = "<group>"; };
		6017440A1F7AEFD300FEF14E /* Info.plist */ = {isa = PBXFileReference; lastKnownFileType = text.plist.xml; path = Info.plist; sourceTree = "<group>"; };
		6017440F1F7AEFD300FEF14E /* MusicSearchTests.xctest */ = {isa = PBXFileReference; explicitFileType = wrapper.cfbundle; includeInIndex = 0; path = MusicSearchTests.xctest; sourceTree = BUILT_PRODUCTS_DIR; };
		601744131F7AEFD300FEF14E /* MusicSearchTests.swift */ = {isa = PBXFileReference; lastKnownFileType = sourcecode.swift; path = MusicSearchTests.swift; sourceTree = "<group>"; };
		601744151F7AEFD300FEF14E /* Info.plist */ = {isa = PBXFileReference; lastKnownFileType = text.plist.xml; path = Info.plist; sourceTree = "<group>"; };
		6017441A1F7AEFD300FEF14E /* MusicSearchUITests.xctest */ = {isa = PBXFileReference; explicitFileType = wrapper.cfbundle; includeInIndex = 0; path = MusicSearchUITests.xctest; sourceTree = BUILT_PRODUCTS_DIR; };
		6017441E1F7AEFD300FEF14E /* MusicSearchUITests.swift */ = {isa = PBXFileReference; lastKnownFileType = sourcecode.swift; path = MusicSearchUITests.swift; sourceTree = "<group>"; };
		601744201F7AEFD300FEF14E /* Info.plist */ = {isa = PBXFileReference; lastKnownFileType = text.plist.xml; path = Info.plist; sourceTree = "<group>"; };
		6017442E1F7AFF3C00FEF14E /* SongTableViewCell.swift */ = {isa = PBXFileReference; lastKnownFileType = sourcecode.swift; path = SongTableViewCell.swift; sourceTree = "<group>"; };
		601744301F7AFFBE00FEF14E /* Songs.swift */ = {isa = PBXFileReference; lastKnownFileType = sourcecode.swift; path = Songs.swift; sourceTree = "<group>"; };
		601744331F7B0FDF00FEF14E /* SongSearch.swift */ = {isa = PBXFileReference; lastKnownFileType = sourcecode.swift; path = SongSearch.swift; sourceTree = "<group>"; };
		601744351F7B27BA00FEF14E /* Globals.swift */ = {isa = PBXFileReference; lastKnownFileType = sourcecode.swift; path = Globals.swift; sourceTree = "<group>"; };
		601744371F7B28DF00FEF14E /* Extensions.swift */ = {isa = PBXFileReference; lastKnownFileType = sourcecode.swift; path = Extensions.swift; sourceTree = "<group>"; };
		601744391F7B357F00FEF14E /* FindLyrics.swift */ = {isa = PBXFileReference; lastKnownFileType = sourcecode.swift; path = FindLyrics.swift; sourceTree = "<group>"; };
		6017443C1F7B635800FEF14E /* LyricsViewController.swift */ = {isa = PBXFileReference; lastKnownFileType = sourcecode.swift; path = LyricsViewController.swift; sourceTree = "<group>"; };
		603155081F7CA20D00CB44CD /* README.md */ = {isa = PBXFileReference; lastKnownFileType = net.daringfireball.markdown; path = README.md; sourceTree = "<group>"; };
/* End PBXFileReference section */

/* Begin PBXFrameworksBuildPhase section */
		601743F81F7AEFD300FEF14E /* Frameworks */ = {
			isa = PBXFrameworksBuildPhase;
			buildActionMask = 2147483647;
			files = (
			);
			runOnlyForDeploymentPostprocessing = 0;
		};
		6017440C1F7AEFD300FEF14E /* Frameworks */ = {
			isa = PBXFrameworksBuildPhase;
			buildActionMask = 2147483647;
			files = (
			);
			runOnlyForDeploymentPostprocessing = 0;
		};
		601744171F7AEFD300FEF14E /* Frameworks */ = {
			isa = PBXFrameworksBuildPhase;
			buildActionMask = 2147483647;
			files = (
			);
			runOnlyForDeploymentPostprocessing = 0;
		};
/* End PBXFrameworksBuildPhase section */

/* Begin PBXGroup section */
		601743F21F7AEFD300FEF14E = {
			isa = PBXGroup;
			children = (
				601743FD1F7AEFD300FEF14E /* MusicSearch */,
				601744121F7AEFD300FEF14E /* MusicSearchTests */,
				6017441D1F7AEFD300FEF14E /* MusicSearchUITests */,
				601743FC1F7AEFD300FEF14E /* Products */,
			);
			sourceTree = "<group>";
		};
		601743FC1F7AEFD300FEF14E /* Products */ = {
			isa = PBXGroup;
			children = (
				601743FB1F7AEFD300FEF14E /* MusicSearch.app */,
				6017440F1F7AEFD300FEF14E /* MusicSearchTests.xctest */,
				6017441A1F7AEFD300FEF14E /* MusicSearchUITests.xctest */,
			);
			name = Products;
			sourceTree = "<group>";
		};
		601743FD1F7AEFD300FEF14E /* MusicSearch */ = {
			isa = PBXGroup;
			children = (
				603155081F7CA20D00CB44CD /* README.md */,
				601743FE1F7AEFD300FEF14E /* AppDelegate.swift */,
				601744351F7B27BA00FEF14E /* Globals.swift */,
				601744371F7B28DF00FEF14E /* Extensions.swift */,
				6017443B1F7B633300FEF14E /* ViewControllers */,
				601744321F7B0FC700FEF14E /* Data */,
				6017442D1F7AF23E00FEF14E /* Models */,
				6017442C1F7AF23800FEF14E /* Cells */,
				601744021F7AEFD300FEF14E /* Main.storyboard */,
				601744051F7AEFD300FEF14E /* Assets.xcassets */,
				601744071F7AEFD300FEF14E /* LaunchScreen.storyboard */,
				6017440A1F7AEFD300FEF14E /* Info.plist */,
			);
			path = MusicSearch;
			sourceTree = "<group>";
		};
		601744121F7AEFD300FEF14E /* MusicSearchTests */ = {
			isa = PBXGroup;
			children = (
				601744131F7AEFD300FEF14E /* MusicSearchTests.swift */,
				601744151F7AEFD300FEF14E /* Info.plist */,
			);
			path = MusicSearchTests;
			sourceTree = "<group>";
		};
		6017441D1F7AEFD300FEF14E /* MusicSearchUITests */ = {
			isa = PBXGroup;
			children = (
				6017441E1F7AEFD300FEF14E /* MusicSearchUITests.swift */,
				601744201F7AEFD300FEF14E /* Info.plist */,
			);
			path = MusicSearchUITests;
			sourceTree = "<group>";
		};
		6017442C1F7AF23800FEF14E /* Cells */ = {
			isa = PBXGroup;
			children = (
				6017442E1F7AFF3C00FEF14E /* SongTableViewCell.swift */,
			);
			path = Cells;
			sourceTree = "<group>";
		};
		6017442D1F7AF23E00FEF14E /* Models */ = {
			isa = PBXGroup;
			children = (
				601744301F7AFFBE00FEF14E /* Songs.swift */,
			);
			path = Models;
			sourceTree = "<group>";
		};
		601744321F7B0FC700FEF14E /* Data */ = {
			isa = PBXGroup;
			children = (
				601744331F7B0FDF00FEF14E /* SongSearch.swift */,
				601744391F7B357F00FEF14E /* FindLyrics.swift */,
			);
			path = Data;
			sourceTree = "<group>";
		};
		6017443B1F7B633300FEF14E /* ViewControllers */ = {
			isa = PBXGroup;
			children = (
				601744001F7AEFD300FEF14E /* SearchViewController.swift */,
				6017443C1F7B635800FEF14E /* LyricsViewController.swift */,
			);
			path = ViewControllers;
			sourceTree = "<group>";
		};
/* End PBXGroup section */

/* Begin PBXNativeTarget section */
		601743FA1F7AEFD300FEF14E /* MusicSearch */ = {
			isa = PBXNativeTarget;
			buildConfigurationList = 601744231F7AEFD300FEF14E /* Build configuration list for PBXNativeTarget "MusicSearch" */;
			buildPhases = (
				601743F71F7AEFD300FEF14E /* Sources */,
				601743F81F7AEFD300FEF14E /* Frameworks */,
				601743F91F7AEFD300FEF14E /* Resources */,
			);
			buildRules = (
			);
			dependencies = (
			);
			name = MusicSearch;
			productName = MusicSearch;
			productReference = 601743FB1F7AEFD300FEF14E /* MusicSearch.app */;
			productType = "com.apple.product-type.application";
		};
		6017440E1F7AEFD300FEF14E /* MusicSearchTests */ = {
			isa = PBXNativeTarget;
			buildConfigurationList = 601744261F7AEFD300FEF14E /* Build configuration list for PBXNativeTarget "MusicSearchTests" */;
			buildPhases = (
				6017440B1F7AEFD300FEF14E /* Sources */,
				6017440C1F7AEFD300FEF14E /* Frameworks */,
				6017440D1F7AEFD300FEF14E /* Resources */,
			);
			buildRules = (
			);
			dependencies = (
				601744111F7AEFD300FEF14E /* PBXTargetDependency */,
			);
			name = MusicSearchTests;
			productName = MusicSearchTests;
			productReference = 6017440F1F7AEFD300FEF14E /* MusicSearchTests.xctest */;
			productType = "com.apple.product-type.bundle.unit-test";
		};
		601744191F7AEFD300FEF14E /* MusicSearchUITests */ = {
			isa = PBXNativeTarget;
			buildConfigurationList = 601744291F7AEFD300FEF14E /* Build configuration list for PBXNativeTarget "MusicSearchUITests" */;
			buildPhases = (
				601744161F7AEFD300FEF14E /* Sources */,
				601744171F7AEFD300FEF14E /* Frameworks */,
				601744181F7AEFD300FEF14E /* Resources */,
			);
			buildRules = (
			);
			dependencies = (
				6017441C1F7AEFD300FEF14E /* PBXTargetDependency */,
			);
			name = MusicSearchUITests;
			productName = MusicSearchUITests;
			productReference = 6017441A1F7AEFD300FEF14E /* MusicSearchUITests.xctest */;
			productType = "com.apple.product-type.bundle.ui-testing";
		};
/* End PBXNativeTarget section */

/* Begin PBXProject section */
		601743F31F7AEFD300FEF14E /* Project object */ = {
			isa = PBXProject;
			attributes = {
				LastSwiftUpdateCheck = 0900;
				LastUpgradeCheck = 0900;
				ORGANIZATIONNAME = "Chris Davis";
				TargetAttributes = {
					601743FA1F7AEFD300FEF14E = {
						CreatedOnToolsVersion = 9.0;
						ProvisioningStyle = Automatic;
					};
					6017440E1F7AEFD300FEF14E = {
						CreatedOnToolsVersion = 9.0;
						ProvisioningStyle = Automatic;
						TestTargetID = 601743FA1F7AEFD300FEF14E;
					};
					601744191F7AEFD300FEF14E = {
						CreatedOnToolsVersion = 9.0;
						ProvisioningStyle = Automatic;
						TestTargetID = 601743FA1F7AEFD300FEF14E;
					};
				};
			};
			buildConfigurationList = 601743F61F7AEFD300FEF14E /* Build configuration list for PBXProject "MusicSearch" */;
			compatibilityVersion = "Xcode 8.0";
			developmentRegion = en;
			hasScannedForEncodings = 0;
			knownRegions = (
				en,
				Base,
			);
			mainGroup = 601743F21F7AEFD300FEF14E;
			productRefGroup = 601743FC1F7AEFD300FEF14E /* Products */;
			projectDirPath = "";
			projectRoot = "";
			targets = (
				601743FA1F7AEFD300FEF14E /* MusicSearch */,
				6017440E1F7AEFD300FEF14E /* MusicSearchTests */,
				601744191F7AEFD300FEF14E /* MusicSearchUITests */,
			);
		};
/* End PBXProject section */

/* Begin PBXResourcesBuildPhase section */
		601743F91F7AEFD300FEF14E /* Resources */ = {
			isa = PBXResourcesBuildPhase;
			buildActionMask = 2147483647;
			files = (
				601744091F7AEFD300FEF14E /* LaunchScreen.storyboard in Resources */,
				601744061F7AEFD300FEF14E /* Assets.xcassets in Resources */,
				601744041F7AEFD300FEF14E /* Main.storyboard in Resources */,
			);
			runOnlyForDeploymentPostprocessing = 0;
		};
		6017440D1F7AEFD300FEF14E /* Resources */ = {
			isa = PBXResourcesBuildPhase;
			buildActionMask = 2147483647;
			files = (
			);
			runOnlyForDeploymentPostprocessing = 0;
		};
		601744181F7AEFD300FEF14E /* Resources */ = {
			isa = PBXResourcesBuildPhase;
			buildActionMask = 2147483647;
			files = (
			);
			runOnlyForDeploymentPostprocessing = 0;
		};
/* End PBXResourcesBuildPhase section */

/* Begin PBXSourcesBuildPhase section */
		601743F71F7AEFD300FEF14E /* Sources */ = {
			isa = PBXSourcesBuildPhase;
			buildActionMask = 2147483647;
			files = (
				6017443D1F7B635800FEF14E /* LyricsViewController.swift in Sources */,
				601744311F7AFFBE00FEF14E /* Songs.swift in Sources */,
				6017442F1F7AFF3C00FEF14E /* SongTableViewCell.swift in Sources */,
				6017443A1F7B357F00FEF14E /* FindLyrics.swift in Sources */,
				601744361F7B27BA00FEF14E /* Globals.swift in Sources */,
				601744011F7AEFD300FEF14E /* SearchViewController.swift in Sources */,
				601744341F7B0FDF00FEF14E /* SongSearch.swift in Sources */,
				601743FF1F7AEFD300FEF14E /* AppDelegate.swift in Sources */,
				601744381F7B28DF00FEF14E /* Extensions.swift in Sources */,
			);
			runOnlyForDeploymentPostprocessing = 0;
		};
		6017440B1F7AEFD300FEF14E /* Sources */ = {
			isa = PBXSourcesBuildPhase;
			buildActionMask = 2147483647;
			files = (
				601744141F7AEFD300FEF14E /* MusicSearchTests.swift in Sources */,
			);
			runOnlyForDeploymentPostprocessing = 0;
		};
		601744161F7AEFD300FEF14E /* Sources */ = {
			isa = PBXSourcesBuildPhase;
			buildActionMask = 2147483647;
			files = (
				6017441F1F7AEFD300FEF14E /* MusicSearchUITests.swift in Sources */,
			);
			runOnlyForDeploymentPostprocessing = 0;
		};
/* End PBXSourcesBuildPhase section */

/* Begin PBXTargetDependency section */
		601744111F7AEFD300FEF14E /* PBXTargetDependency */ = {
			isa = PBXTargetDependency;
			target = 601743FA1F7AEFD300FEF14E /* MusicSearch */;
			targetProxy = 601744101F7AEFD300FEF14E /* PBXContainerItemProxy */;
		};
		6017441C1F7AEFD300FEF14E /* PBXTargetDependency */ = {
			isa = PBXTargetDependency;
			target = 601743FA1F7AEFD300FEF14E /* MusicSearch */;
			targetProxy = 6017441B1F7AEFD300FEF14E /* PBXContainerItemProxy */;
		};
/* End PBXTargetDependency section */

/* Begin PBXVariantGroup section */
		601744021F7AEFD300FEF14E /* Main.storyboard */ = {
			isa = PBXVariantGroup;
			children = (
				601744031F7AEFD300FEF14E /* Base */,
			);
			name = Main.storyboard;
			sourceTree = "<group>";
		};
		601744071F7AEFD300FEF14E /* LaunchScreen.storyboard */ = {
			isa = PBXVariantGroup;
			children = (
				601744081F7AEFD300FEF14E /* Base */,
			);
			name = LaunchScreen.storyboard;
			sourceTree = "<group>";
		};
/* End PBXVariantGroup section */

/* Begin XCBuildConfiguration section */
		601744211F7AEFD300FEF14E /* Debug */ = {
			isa = XCBuildConfiguration;
			buildSettings = {
				ALWAYS_SEARCH_USER_PATHS = NO;
				CLANG_ANALYZER_NONNULL = YES;
				CLANG_ANALYZER_NUMBER_OBJECT_CONVERSION = YES_AGGRESSIVE;
				CLANG_CXX_LANGUAGE_STANDARD = "gnu++14";
				CLANG_CXX_LIBRARY = "libc++";
				CLANG_ENABLE_MODULES = YES;
				CLANG_ENABLE_OBJC_ARC = YES;
				CLANG_WARN_BLOCK_CAPTURE_AUTORELEASING = YES;
				CLANG_WARN_BOOL_CONVERSION = YES;
				CLANG_WARN_COMMA = YES;
				CLANG_WARN_CONSTANT_CONVERSION = YES;
				CLANG_WARN_DIRECT_OBJC_ISA_USAGE = YES_ERROR;
				CLANG_WARN_DOCUMENTATION_COMMENTS = YES;
				CLANG_WARN_EMPTY_BODY = YES;
				CLANG_WARN_ENUM_CONVERSION = YES;
				CLANG_WARN_INFINITE_RECURSION = YES;
				CLANG_WARN_INT_CONVERSION = YES;
				CLANG_WARN_NON_LITERAL_NULL_CONVERSION = YES;
				CLANG_WARN_OBJC_LITERAL_CONVERSION = YES;
				CLANG_WARN_OBJC_ROOT_CLASS = YES_ERROR;
				CLANG_WARN_RANGE_LOOP_ANALYSIS = YES;
				CLANG_WARN_STRICT_PROTOTYPES = YES;
				CLANG_WARN_SUSPICIOUS_MOVE = YES;
				CLANG_WARN_UNGUARDED_AVAILABILITY = YES_AGGRESSIVE;
				CLANG_WARN_UNREACHABLE_CODE = YES;
				CLANG_WARN__DUPLICATE_METHOD_MATCH = YES;
				CODE_SIGN_IDENTITY = "iPhone Developer";
				COPY_PHASE_STRIP = NO;
				DEBUG_INFORMATION_FORMAT = dwarf;
				ENABLE_STRICT_OBJC_MSGSEND = YES;
				ENABLE_TESTABILITY = YES;
				GCC_C_LANGUAGE_STANDARD = gnu11;
				GCC_DYNAMIC_NO_PIC = NO;
				GCC_NO_COMMON_BLOCKS = YES;
				GCC_OPTIMIZATION_LEVEL = 0;
				GCC_PREPROCESSOR_DEFINITIONS = (
					"DEBUG=1",
					"$(inherited)",
				);
				GCC_WARN_64_TO_32_BIT_CONVERSION = YES;
				GCC_WARN_ABOUT_RETURN_TYPE = YES_ERROR;
				GCC_WARN_UNDECLARED_SELECTOR = YES;
				GCC_WARN_UNINITIALIZED_AUTOS = YES_AGGRESSIVE;
				GCC_WARN_UNUSED_FUNCTION = YES;
				GCC_WARN_UNUSED_VARIABLE = YES;
				IPHONEOS_DEPLOYMENT_TARGET = 11.0;
				MTL_ENABLE_DEBUG_INFO = YES;
				ONLY_ACTIVE_ARCH = YES;
				SDKROOT = iphoneos;
				SWIFT_ACTIVE_COMPILATION_CONDITIONS = DEBUG;
				SWIFT_OPTIMIZATION_LEVEL = "-Onone";
			};
			name = Debug;
		};
		601744221F7AEFD300FEF14E /* Release */ = {
			isa = XCBuildConfiguration;
			buildSettings = {
				ALWAYS_SEARCH_USER_PATHS = NO;
				CLANG_ANALYZER_NONNULL = YES;
				CLANG_ANALYZER_NUMBER_OBJECT_CONVERSION = YES_AGGRESSIVE;
				CLANG_CXX_LANGUAGE_STANDARD = "gnu++14";
				CLANG_CXX_LIBRARY = "libc++";
				CLANG_ENABLE_MODULES = YES;
				CLANG_ENABLE_OBJC_ARC = YES;
				CLANG_WARN_BLOCK_CAPTURE_AUTORELEASING = YES;
				CLANG_WARN_BOOL_CONVERSION = YES;
				CLANG_WARN_COMMA = YES;
				CLANG_WARN_CONSTANT_CONVERSION = YES;
				CLANG_WARN_DIRECT_OBJC_ISA_USAGE = YES_ERROR;
				CLANG_WARN_DOCUMENTATION_COMMENTS = YES;
				CLANG_WARN_EMPTY_BODY = YES;
				CLANG_WARN_ENUM_CONVERSION = YES;
				CLANG_WARN_INFINITE_RECURSION = YES;
				CLANG_WARN_INT_CONVERSION = YES;
				CLANG_WARN_NON_LITERAL_NULL_CONVERSION = YES;
				CLANG_WARN_OBJC_LITERAL_CONVERSION = YES;
				CLANG_WARN_OBJC_ROOT_CLASS = YES_ERROR;
				CLANG_WARN_RANGE_LOOP_ANALYSIS = YES;
				CLANG_WARN_STRICT_PROTOTYPES = YES;
				CLANG_WARN_SUSPICIOUS_MOVE = YES;
				CLANG_WARN_UNGUARDED_AVAILABILITY = YES_AGGRESSIVE;
				CLANG_WARN_UNREACHABLE_CODE = YES;
				CLANG_WARN__DUPLICATE_METHOD_MATCH = YES;
				CODE_SIGN_IDENTITY = "iPhone Developer";
				COPY_PHASE_STRIP = NO;
				DEBUG_INFORMATION_FORMAT = "dwarf-with-dsym";
				ENABLE_NS_ASSERTIONS = NO;
				ENABLE_STRICT_OBJC_MSGSEND = YES;
				GCC_C_LANGUAGE_STANDARD = gnu11;
				GCC_NO_COMMON_BLOCKS = YES;
				GCC_WARN_64_TO_32_BIT_CONVERSION = YES;
				GCC_WARN_ABOUT_RETURN_TYPE = YES_ERROR;
				GCC_WARN_UNDECLARED_SELECTOR = YES;
				GCC_WARN_UNINITIALIZED_AUTOS = YES_AGGRESSIVE;
				GCC_WARN_UNUSED_FUNCTION = YES;
				GCC_WARN_UNUSED_VARIABLE = YES;
				IPHONEOS_DEPLOYMENT_TARGET = 11.0;
				MTL_ENABLE_DEBUG_INFO = NO;
				SDKROOT = iphoneos;
				SWIFT_OPTIMIZATION_LEVEL = "-Owholemodule";
				VALIDATE_PRODUCT = YES;
			};
			name = Release;
		};
		601744241F7AEFD300FEF14E /* Debug */ = {
			isa = XCBuildConfiguration;
			buildSettings = {
				ASSETCATALOG_COMPILER_APPICON_NAME = AppIcon;
				"CODE_SIGN_IDENTITY[sdk=iphoneos*]" = "iPhone Developer";
				CODE_SIGN_STYLE = Automatic;
				DEVELOPMENT_TEAM = 32T4NP5L87;
				INFOPLIST_FILE = MusicSearch/Info.plist;
				LD_RUNPATH_SEARCH_PATHS = "$(inherited) @executable_path/Frameworks";
				PRODUCT_BUNDLE_IDENTIFIER = tech.chrisdavis.MusicSearchApp;
				PRODUCT_NAME = "$(TARGET_NAME)";
				PROVISIONING_PROFILE_SPECIFIER = "";
				SWIFT_VERSION = 4.0;
				TARGETED_DEVICE_FAMILY = 1;
			};
			name = Debug;
		};
		601744251F7AEFD300FEF14E /* Release */ = {
			isa = XCBuildConfiguration;
			buildSettings = {
				ASSETCATALOG_COMPILER_APPICON_NAME = AppIcon;
				"CODE_SIGN_IDENTITY[sdk=iphoneos*]" = "iPhone Developer";
				CODE_SIGN_STYLE = Automatic;
				DEVELOPMENT_TEAM = 32T4NP5L87;
				INFOPLIST_FILE = MusicSearch/Info.plist;
				LD_RUNPATH_SEARCH_PATHS = "$(inherited) @executable_path/Frameworks";
				PRODUCT_BUNDLE_IDENTIFIER = tech.chrisdavis.MusicSearchApp;
				PRODUCT_NAME = "$(TARGET_NAME)";
				PROVISIONING_PROFILE_SPECIFIER = "";
				SWIFT_VERSION = 4.0;
				TARGETED_DEVICE_FAMILY = 1;
			};
			name = Release;
		};
		601744271F7AEFD300FEF14E /* Debug */ = {
			isa = XCBuildConfiguration;
			buildSettings = {
				ALWAYS_EMBED_SWIFT_STANDARD_LIBRARIES = YES;
				BUNDLE_LOADER = "$(TEST_HOST)";
				CODE_SIGN_STYLE = Automatic;
				DEVELOPMENT_TEAM = 32T4NP5L87;
				INFOPLIST_FILE = MusicSearchTests/Info.plist;
				LD_RUNPATH_SEARCH_PATHS = "$(inherited) @executable_path/Frameworks @loader_path/Frameworks";
				PRODUCT_BUNDLE_IDENTIFIER = tech.chrisdavis.MusicSearchTests;
				PRODUCT_NAME = "$(TARGET_NAME)";
				SWIFT_VERSION = 4.0;
				TARGETED_DEVICE_FAMILY = "1,2";
				TEST_HOST = "$(BUILT_PRODUCTS_DIR)/MusicSearch.app/MusicSearch";
			};
			name = Debug;
		};
		601744281F7AEFD300FEF14E /* Release */ = {
			isa = XCBuildConfiguration;
			buildSettings = {
				ALWAYS_EMBED_SWIFT_STANDARD_LIBRARIES = YES;
				BUNDLE_LOADER = "$(TEST_HOST)";
				CODE_SIGN_STYLE = Automatic;
				DEVELOPMENT_TEAM = 32T4NP5L87;
				INFOPLIST_FILE = MusicSearchTests/Info.plist;
				LD_RUNPATH_SEARCH_PATHS = "$(inherited) @executable_path/Frameworks @loader_path/Frameworks";
				PRODUCT_BUNDLE_IDENTIFIER = tech.chrisdavis.MusicSearchTests;
				PRODUCT_NAME = "$(TARGET_NAME)";
				SWIFT_VERSION = 4.0;
				TARGETED_DEVICE_FAMILY = "1,2";
				TEST_HOST = "$(BUILT_PRODUCTS_DIR)/MusicSearch.app/MusicSearch";
			};
			name = Release;
		};
		6017442A1F7AEFD300FEF14E /* Debug */ = {
			isa = XCBuildConfiguration;
			buildSettings = {
				ALWAYS_EMBED_SWIFT_STANDARD_LIBRARIES = YES;
				CODE_SIGN_STYLE = Automatic;
				DEVELOPMENT_TEAM = 32T4NP5L87;
				INFOPLIST_FILE = MusicSearchUITests/Info.plist;
				LD_RUNPATH_SEARCH_PATHS = "$(inherited) @executable_path/Frameworks @loader_path/Frameworks";
				PRODUCT_BUNDLE_IDENTIFIER = tech.chrisdavis.MusicSearchUITests;
				PRODUCT_NAME = "$(TARGET_NAME)";
				SWIFT_VERSION = 4.0;
				TARGETED_DEVICE_FAMILY = "1,2";
				TEST_TARGET_NAME = MusicSearch;
			};
			name = Debug;
		};
		6017442B1F7AEFD300FEF14E /* Release */ = {
			isa = XCBuildConfiguration;
			buildSettings = {
				ALWAYS_EMBED_SWIFT_STANDARD_LIBRARIES = YES;
				CODE_SIGN_STYLE = Automatic;
				DEVELOPMENT_TEAM = 32T4NP5L87;
				INFOPLIST_FILE = MusicSearchUITests/Info.plist;
				LD_RUNPATH_SEARCH_PATHS = "$(inherited) @executable_path/Frameworks @loader_path/Frameworks";
				PRODUCT_BUNDLE_IDENTIFIER = tech.chrisdavis.MusicSearchUITests;
				PRODUCT_NAME = "$(TARGET_NAME)";
				SWIFT_VERSION = 4.0;
				TARGETED_DEVICE_FAMILY = "1,2";
				TEST_TARGET_NAME = MusicSearch;
			};
			name = Release;
		};
/* End XCBuildConfiguration section */

/* Begin XCConfigurationList section */
		601743F61F7AEFD300FEF14E /* Build configuration list for PBXProject "MusicSearch" */ = {
			isa = XCConfigurationList;
			buildConfigurations = (
				601744211F7AEFD300FEF14E /* Debug */,
				601744221F7AEFD300FEF14E /* Release */,
			);
			defaultConfigurationIsVisible = 0;
			defaultConfigurationName = Release;
		};
		601744231F7AEFD300FEF14E /* Build configuration list for PBXNativeTarget "MusicSearch" */ = {
			isa = XCConfigurationList;
			buildConfigurations = (
				601744241F7AEFD300FEF14E /* Debug */,
				601744251F7AEFD300FEF14E /* Release */,
			);
			defaultConfigurationIsVisible = 0;
			defaultConfigurationName = Release;
		};
		601744261F7AEFD300FEF14E /* Build configuration list for PBXNativeTarget "MusicSearchTests" */ = {
			isa = XCConfigurationList;
			buildConfigurations = (
				601744271F7AEFD300FEF14E /* Debug */,
				601744281F7AEFD300FEF14E /* Release */,
			);
			defaultConfigurationIsVisible = 0;
			defaultConfigurationName = Release;
		};
		601744291F7AEFD300FEF14E /* Build configuration list for PBXNativeTarget "MusicSearchUITests" */ = {
			isa = XCConfigurationList;
			buildConfigurations = (
				6017442A1F7AEFD300FEF14E /* Debug */,
				6017442B1F7AEFD300FEF14E /* Release */,
			);
			defaultConfigurationIsVisible = 0;
			defaultConfigurationName = Release;
		};
/* End XCConfigurationList section */
	};
	rootObject = 601743F31F7AEFD300FEF14E /* Project object */;
}
